
Microsoft Visual Studio Solution File, Format Version 12.00
# Visual Studio Version 17
VisualStudioVersion = 17.9.34622.214
MinimumVisualStudioVersion = 10.0.40219.1
Project("{FAE04EC0-301F-11D3-BF4B-00C04F79EFBC}") = "NarinGumruk_Example", "NarinGumruk_Example\NarinGumruk_Example.csproj", "{273B9F1B-1C60-46C9-B2F8-F4973DB5B79F}"
EndProject
Global
	GlobalSection(SolutionConfigurationPlatforms) = preSolution
		Debug|Any CPU = Debug|Any CPU
		Release|Any CPU = Release|Any CPU
	EndGlobalSection
	GlobalSection(ProjectConfigurationPlatforms) = postSolution
		{273B9F1B-1C60-46C9-B2F8-F4973DB5B79F}.Debug|Any CPU.ActiveCfg = Debug|Any CPU
		{273B9F1B-1C60-46C9-B2F8-F4973DB5B79F}.Debug|Any CPU.Build.0 = Debug|Any CPU
		{273B9F1B-1C60-46C9-B2F8-F4973DB5B79F}.Release|Any CPU.ActiveCfg = Release|Any CPU
		{273B9F1B-1C60-46C9-B2F8-F4973DB5B79F}.Release|Any CPU.Build.0 = Release|Any CPU
	EndGlobalSection
	GlobalSection(SolutionProperties) = preSolution
		HideSolutionNode = FALSE
	EndGlobalSection
	GlobalSection(ExtensibilityGlobals) = postSolution
		SolutionGuid = {81FBE104-BCC8-4D4A-B55F-D85AA9F8144D}
	EndGlobalSection
EndGlobal
